
Microsoft Visual Studio Solution File, Format Version 12.00
# Visual Studio Version 16
VisualStudioVersion = 16.0.32002.261
MinimumVisualStudioVersion = 10.0.40219.1
Project("{FAE04EC0-301F-11D3-BF4B-00C04F79EFBC}") = "Xamarin.form.UWP", "Xamarin.form\Xamarin.form.UWP\Xamarin.form.UWP.csproj", "{F37C1E96-4034-4D38-BD55-8D330178B633}"
EndProject
Project("{FAE04EC0-301F-11D3-BF4B-00C04F79EFBC}") = "Xamarin.form.Android", "Xamarin.form\Xamarin.form.Android\Xamarin.form.Android.csproj", "{AB638252-093F-4C2D-8499-C2A1650C50F1}"
EndProject
Project("{FAE04EC0-301F-11D3-BF4B-00C04F79EFBC}") = "Xamarin.form.iOS", "Xamarin.form\Xamarin.form.iOS\Xamarin.form.iOS.csproj", "{98BA6AD3-66D1-4F91-A31C-4B503D93B88E}"
EndProject
Project("{9A19103F-16F7-4668-BE54-9A1E7A4F7556}") = "Xamarin.form", "Xamarin.form\Xamarin.form\Xamarin.form.csproj", "{5DD9A7BF-20CA-45B4-BB51-C44A6CF9AB36}"
EndProject
Project("{FAE04EC0-301F-11D3-BF4B-00C04F79EFBC}") = "ConsoleApp1", "..\ConsoleApp1\ConsoleApp1.csproj", "{13DBE5B9-2714-459E-9F14-5BCB1181F705}"
	ProjectSection(ProjectDependencies) = postProject
		{F37C1E96-4034-4D38-BD55-8D330178B633} = {F37C1E96-4034-4D38-BD55-8D330178B633}
	EndProjectSection
EndProject
Global
	GlobalSection(SolutionConfigurationPlatforms) = preSolution
		Debug|Any CPU = Debug|Any CPU
		Debug|ARM = Debug|ARM
		Debug|iPhone = Debug|iPhone
		Debug|iPhoneSimulator = Debug|iPhoneSimulator
		Debug|x64 = Debug|x64
		Debug|x86 = Debug|x86
		Release|Any CPU = Release|Any CPU
		Release|ARM = Release|ARM
		Release|iPhone = Release|iPhone
		Release|iPhoneSimulator = Release|iPhoneSimulator
		Release|x64 = Release|x64
		Release|x86 = Release|x86
	EndGlobalSection
	GlobalSection(ProjectConfigurationPlatforms) = postSolution
		{F37C1E96-4034-4D38-BD55-8D330178B633}.Debug|Any CPU.ActiveCfg = Debug|x86
		{F37C1E96-4034-4D38-BD55-8D330178B633}.Debug|Any CPU.Build.0 = Debug|x86
		{F37C1E96-4034-4D38-BD55-8D330178B633}.Debug|Any CPU.Deploy.0 = Debug|x86
		{F37C1E96-4034-4D38-BD55-8D330178B633}.Debug|ARM.ActiveCfg = Debug|ARM
		{F37C1E96-4034-4D38-BD55-8D330178B633}.Debug|ARM.Build.0 = Debug|ARM
		{F37C1E96-4034-4D38-BD55-8D330178B633}.Debug|ARM.Deploy.0 = Debug|ARM
		{F37C1E96-4034-4D38-BD55-8D330178B633}.Debug|iPhone.ActiveCfg = Debug|x86
		{F37C1E96-4034-4D38-BD55-8D330178B633}.Debug|iPhone.Build.0 = Debug|x86
		{F37C1E96-4034-4D38-BD55-8D330178B633}.Debug|iPhone.Deploy.0 = Debug|x86
		{F37C1E96-4034-4D38-BD55-8D330178B633}.Debug|iPhoneSimulator.ActiveCfg = Debug|x86
		{F37C1E96-4034-4D38-BD55-8D330178B633}.Debug|iPhoneSimulator.Build.0 = Debug|x86
		{F37C1E96-4034-4D38-BD55-8D330178B633}.Debug|iPhoneSimulator.Deploy.0 = Debug|x86
		{F37C1E96-4034-4D38-BD55-8D330178B633}.Debug|x64.ActiveCfg = Debug|x64
		{F37C1E96-4034-4D38-BD55-8D330178B633}.Debug|x64.Build.0 = Debug|x64
		{F37C1E96-4034-4D38-BD55-8D330178B633}.Debug|x64.Deploy.0 = Debug|x64
		{F37C1E96-4034-4D38-BD55-8D330178B633}.Debug|x86.ActiveCfg = Debug|x86
		{F37C1E96-4034-4D38-BD55-8D330178B633}.Debug|x86.Build.0 = Debug|x86
		{F37C1E96-4034-4D38-BD55-8D330178B633}.Debug|x86.Deploy.0 = Debug|x86
		{F37C1E96-4034-4D38-BD55-8D330178B633}.Release|Any CPU.ActiveCfg = Release|x86
		{F37C1E96-4034-4D38-BD55-8D330178B633}.Release|Any CPU.Build.0 = Release|x86
		{F37C1E96-4034-4D38-BD55-8D330178B633}.Release|Any CPU.Deploy.0 = Release|x86
		{F37C1E96-4034-4D38-BD55-8D330178B633}.Release|ARM.ActiveCfg = Release|ARM
		{F37C1E96-4034-4D38-BD55-8D330178B633}.Release|ARM.Build.0 = Release|ARM
		{F37C1E96-4034-4D38-BD55-8D330178B633}.Release|ARM.Deploy.0 = Release|ARM
		{F37C1E96-4034-4D38-BD55-8D330178B633}.Release|iPhone.ActiveCfg = Release|x86
		{F37C1E96-4034-4D38-BD55-8D330178B633}.Release|iPhone.Build.0 = Release|x86
		{F37C1E96-4034-4D38-BD55-8D330178B633}.Release|iPhone.Deploy.0 = Release|x86
		{F37C1E96-4034-4D38-BD55-8D330178B633}.Release|iPhoneSimulator.ActiveCfg = Release|x86
		{F37C1E96-4034-4D38-BD55-8D330178B633}.Release|iPhoneSimulator.Build.0 = Release|x86
		{F37C1E96-4034-4D38-BD55-8D330178B633}.Release|iPhoneSimulator.Deploy.0 = Release|x86
		{F37C1E96-4034-4D38-BD55-8D330178B633}.Release|x64.ActiveCfg = Release|x64
		{F37C1E96-4034-4D38-BD55-8D330178B633}.Release|x64.Build.0 = Release|x64
		{F37C1E96-4034-4D38-BD55-8D330178B633}.Release|x64.Deploy.0 = Release|x64
		{F37C1E96-4034-4D38-BD55-8D330178B633}.Release|x86.ActiveCfg = Release|x86
		{F37C1E96-4034-4D38-BD55-8D330178B633}.Release|x86.Build.0 = Release|x86
		{F37C1E96-4034-4D38-BD55-8D330178B633}.Release|x86.Deploy.0 = Release|x86
		{AB638252-093F-4C2D-8499-C2A1650C50F1}.Debug|Any CPU.ActiveCfg = Debug|Any CPU
		{AB638252-093F-4C2D-8499-C2A1650C50F1}.Debug|Any CPU.Build.0 = Debug|Any CPU
		{AB638252-093F-4C2D-8499-C2A1650C50F1}.Debug|Any CPU.Deploy.0 = Debug|Any CPU
		{AB638252-093F-4C2D-8499-C2A1650C50F1}.Debug|ARM.ActiveCfg = Debug|Any CPU
		{AB638252-093F-4C2D-8499-C2A1650C50F1}.Debug|ARM.Build.0 = Debug|Any CPU
		{AB638252-093F-4C2D-8499-C2A1650C50F1}.Debug|ARM.Deploy.0 = Debug|Any CPU
		{AB638252-093F-4C2D-8499-C2A1650C50F1}.Debug|iPhone.ActiveCfg = Debug|Any CPU
		{AB638252-093F-4C2D-8499-C2A1650C50F1}.Debug|iPhone.Build.0 = Debug|Any CPU
		{AB638252-093F-4C2D-8499-C2A1650C50F1}.Debug|iPhone.Deploy.0 = Debug|Any CPU
		{AB638252-093F-4C2D-8499-C2A1650C50F1}.Debug|iPhoneSimulator.ActiveCfg = Debug|Any CPU
		{AB638252-093F-4C2D-8499-C2A1650C50F1}.Debug|iPhoneSimulator.Build.0 = Debug|Any CPU
		{AB638252-093F-4C2D-8499-C2A1650C50F1}.Debug|iPhoneSimulator.Deploy.0 = Debug|Any CPU
		{AB638252-093F-4C2D-8499-C2A1650C50F1}.Debug|x64.ActiveCfg = Debug|Any CPU
		{AB638252-093F-4C2D-8499-C2A1650C50F1}.Debug|x64.Build.0 = Debug|Any CPU
		{AB638252-093F-4C2D-8499-C2A1650C50F1}.Debug|x64.Deploy.0 = Debug|Any CPU
		{AB638252-093F-4C2D-8499-C2A1650C50F1}.Debug|x86.ActiveCfg = Debug|Any CPU
		{AB638252-093F-4C2D-8499-C2A1650C50F1}.Debug|x86.Build.0 = Debug|Any CPU
		{AB638252-093F-4C2D-8499-C2A1650C50F1}.Debug|x86.Deploy.0 = Debug|Any CPU
		{AB638252-093F-4C2D-8499-C2A1650C50F1}.Release|Any CPU.ActiveCfg = Release|Any CPU
		{AB638252-093F-4C2D-8499-C2A1650C50F1}.Release|Any CPU.Build.0 = Release|Any CPU
		{AB638252-093F-4C2D-8499-C2A1650C50F1}.Release|Any CPU.Deploy.0 = Release|Any CPU
		{AB638252-093F-4C2D-8499-C2A1650C50F1}.Release|ARM.ActiveCfg = Release|Any CPU
		{AB638252-093F-4C2D-8499-C2A1650C50F1}.Release|ARM.Build.0 = Release|Any CPU
		{AB638252-093F-4C2D-8499-C2A1650C50F1}.Release|ARM.Deploy.0 = Release|Any CPU
		{AB638252-093F-4C2D-8499-C2A1650C50F1}.Release|iPhone.ActiveCfg = Release|Any CPU
		{AB638252-093F-4C2D-8499-C2A1650C50F1}.Release|iPhone.Build.0 = Release|Any CPU
		{AB638252-093F-4C2D-8499-C2A1650C50F1}.Release|iPhone.Deploy.0 = Release|Any CPU
		{AB638252-093F-4C2D-8499-C2A1650C50F1}.Release|iPhoneSimulator.ActiveCfg = Release|Any CPU
		{AB638252-093F-4C2D-8499-C2A1650C50F1}.Release|iPhoneSimulator.Build.0 = Release|Any CPU
		{AB638252-093F-4C2D-8499-C2A1650C50F1}.Release|iPhoneSimulator.Deploy.0 = Release|Any CPU
		{AB638252-093F-4C2D-8499-C2A1650C50F1}.Release|x64.ActiveCfg = Release|Any CPU
		{AB638252-093F-4C2D-8499-C2A1650C50F1}.Release|x64.Build.0 = Release|Any CPU
		{AB638252-093F-4C2D-8499-C2A1650C50F1}.Release|x64.Deploy.0 = Release|Any CPU
		{AB638252-093F-4C2D-8499-C2A1650C50F1}.Release|x86.ActiveCfg = Release|Any CPU
		{AB638252-093F-4C2D-8499-C2A1650C50F1}.Release|x86.Build.0 = Release|Any CPU
		{AB638252-093F-4C2D-8499-C2A1650C50F1}.Release|x86.Deploy.0 = Release|Any CPU
		{98BA6AD3-66D1-4F91-A31C-4B503D93B88E}.Debug|Any CPU.ActiveCfg = Debug|iPhoneSimulator
		{98BA6AD3-66D1-4F91-A31C-4B503D93B88E}.Debug|Any CPU.Build.0 = Debug|iPhoneSimulator
		{98BA6AD3-66D1-4F91-A31C-4B503D93B88E}.Debug|Any CPU.Deploy.0 = Debug|iPhoneSimulator
		{98BA6AD3-66D1-4F91-A31C-4B503D93B88E}.Debug|ARM.ActiveCfg = Debug|iPhone
		{98BA6AD3-66D1-4F91-A31C-4B503D93B88E}.Debug|ARM.Build.0 = Debug|iPhone
		{98BA6AD3-66D1-4F91-A31C-4B503D93B88E}.Debug|ARM.Deploy.0 = Debug|iPhone
		{98BA6AD3-66D1-4F91-A31C-4B503D93B88E}.Debug|iPhone.ActiveCfg = Debug|iPhone
		{98BA6AD3-66D1-4F91-A31C-4B503D93B88E}.Debug|iPhone.Build.0 = Debug|iPhone
		{98BA6AD3-66D1-4F91-A31C-4B503D93B88E}.Debug|iPhone.Deploy.0 = Debug|iPhone
		{98BA6AD3-66D1-4F91-A31C-4B503D93B88E}.Debug|iPhoneSimulator.ActiveCfg = Debug|iPhoneSimulator
		{98BA6AD3-66D1-4F91-A31C-4B503D93B88E}.Debug|iPhoneSimulator.Build.0 = Debug|iPhoneSimulator
		{98BA6AD3-66D1-4F91-A31C-4B503D93B88E}.Debug|iPhoneSimulator.Deploy.0 = Debug|iPhoneSimulator
		{98BA6AD3-66D1-4F91-A31C-4B503D93B88E}.Debug|x64.ActiveCfg = Debug|iPhoneSimulator
		{98BA6AD3-66D1-4F91-A31C-4B503D93B88E}.Debug|x64.Build.0 = Debug|iPhoneSimulator
		{98BA6AD3-66D1-4F91-A31C-4B503D93B88E}.Debug|x64.Deploy.0 = Debug|iPhoneSimulator
		{98BA6AD3-66D1-4F91-A31C-4B503D93B88E}.Debug|x86.ActiveCfg = Debug|iPhoneSimulator
		{98BA6AD3-66D1-4F91-A31C-4B503D93B88E}.Debug|x86.Build.0 = Debug|iPhoneSimulator
		{98BA6AD3-66D1-4F91-A31C-4B503D93B88E}.Debug|x86.Deploy.0 = Debug|iPhoneSimulator
		{98BA6AD3-66D1-4F91-A31C-4B503D93B88E}.Release|Any CPU.ActiveCfg = Release|iPhoneSimulator
		{98BA6AD3-66D1-4F91-A31C-4B503D93B88E}.Release|Any CPU.Build.0 = Release|iPhoneSimulator
		{98BA6AD3-66D1-4F91-A31C-4B503D93B88E}.Release|Any CPU.Deploy.0 = Release|iPhoneSimulator
		{98BA6AD3-66D1-4F91-A31C-4B503D93B88E}.Release|ARM.ActiveCfg = Release|iPhoneSimulator
		{98BA6AD3-66D1-4F91-A31C-4B503D93B88E}.Release|ARM.Build.0 = Release|iPhoneSimulator
		{98BA6AD3-66D1-4F91-A31C-4B503D93B88E}.Release|ARM.Deploy.0 = Release|iPhoneSimulator
		{98BA6AD3-66D1-4F91-A31C-4B503D93B88E}.Release|iPhone.ActiveCfg = Release|iPhone
		{98BA6AD3-66D1-4F91-A31C-4B503D93B88E}.Release|iPhone.Build.0 = Release|iPhone
		{98BA6AD3-66D1-4F91-A31C-4B503D93B88E}.Release|iPhone.Deploy.0 = Release|iPhone
		{98BA6AD3-66D1-4F91-A31C-4B503D93B88E}.Release|iPhoneSimulator.ActiveCfg = Release|iPhoneSimulator
		{98BA6AD3-66D1-4F91-A31C-4B503D93B88E}.Release|iPhoneSimulator.Build.0 = Release|iPhoneSimulator
		{98BA6AD3-66D1-4F91-A31C-4B503D93B88E}.Release|iPhoneSimulator.Deploy.0 = Release|iPhoneSimulator
		{98BA6AD3-66D1-4F91-A31C-4B503D93B88E}.Release|x64.ActiveCfg = Release|iPhoneSimulator
		{98BA6AD3-66D1-4F91-A31C-4B503D93B88E}.Release|x64.Build.0 = Release|iPhoneSimulator
		{98BA6AD3-66D1-4F91-A31C-4B503D93B88E}.Release|x64.Deploy.0 = Release|iPhoneSimulator
		{98BA6AD3-66D1-4F91-A31C-4B503D93B88E}.Release|x86.ActiveCfg = Release|iPhoneSimulator
		{98BA6AD3-66D1-4F91-A31C-4B503D93B88E}.Release|x86.Build.0 = Release|iPhoneSimulator
		{98BA6AD3-66D1-4F91-A31C-4B503D93B88E}.Release|x86.Deploy.0 = Release|iPhoneSimulator
		{5DD9A7BF-20CA-45B4-BB51-C44A6CF9AB36}.Debug|Any CPU.ActiveCfg = Debug|Any CPU
		{5DD9A7BF-20CA-45B4-BB51-C44A6CF9AB36}.Debug|Any CPU.Build.0 = Debug|Any CPU
		{5DD9A7BF-20CA-45B4-BB51-C44A6CF9AB36}.Debug|Any CPU.Deploy.0 = Debug|Any CPU
		{5DD9A7BF-20CA-45B4-BB51-C44A6CF9AB36}.Debug|ARM.ActiveCfg = Debug|Any CPU
		{5DD9A7BF-20CA-45B4-BB51-C44A6CF9AB36}.Debug|ARM.Build.0 = Debug|Any CPU
		{5DD9A7BF-20CA-45B4-BB51-C44A6CF9AB36}.Debug|ARM.Deploy.0 = Debug|Any CPU
		{5DD9A7BF-20CA-45B4-BB51-C44A6CF9AB36}.Debug|iPhone.ActiveCfg = Debug|Any CPU
		{5DD9A7BF-20CA-45B4-BB51-C44A6CF9AB36}.Debug|iPhone.Build.0 = Debug|Any CPU
		{5DD9A7BF-20CA-45B4-BB51-C44A6CF9AB36}.Debug|iPhone.Deploy.0 = Debug|Any CPU
		{5DD9A7BF-20CA-45B4-BB51-C44A6CF9AB36}.Debug|iPhoneSimulator.ActiveCfg = Debug|Any CPU
		{5DD9A7BF-20CA-45B4-BB51-C44A6CF9AB36}.Debug|iPhoneSimulator.Build.0 = Debug|Any CPU
		{5DD9A7BF-20CA-45B4-BB51-C44A6CF9AB36}.Debug|iPhoneSimulator.Deploy.0 = Debug|Any CPU
		{5DD9A7BF-20CA-45B4-BB51-C44A6CF9AB36}.Debug|x64.ActiveCfg = Debug|Any CPU
		{5DD9A7BF-20CA-45B4-BB51-C44A6CF9AB36}.Debug|x64.Build.0 = Debug|Any CPU
		{5DD9A7BF-20CA-45B4-BB51-C44A6CF9AB36}.Debug|x64.Deploy.0 = Debug|Any CPU
		{5DD9A7BF-20CA-45B4-BB51-C44A6CF9AB36}.Debug|x86.ActiveCfg = Debug|Any CPU
		{5DD9A7BF-20CA-45B4-BB51-C44A6CF9AB36}.Debug|x86.Build.0 = Debug|Any CPU
		{5DD9A7BF-20CA-45B4-BB51-C44A6CF9AB36}.Debug|x86.Deploy.0 = Debug|Any CPU
		{5DD9A7BF-20CA-45B4-BB51-C44A6CF9AB36}.Release|Any CPU.ActiveCfg = Release|Any CPU
		{5DD9A7BF-20CA-45B4-BB51-C44A6CF9AB36}.Release|Any CPU.Build.0 = Release|Any CPU
		{5DD9A7BF-20CA-45B4-BB51-C44A6CF9AB36}.Release|Any CPU.Deploy.0 = Release|Any CPU
		{5DD9A7BF-20CA-45B4-BB51-C44A6CF9AB36}.Release|ARM.ActiveCfg = Release|Any CPU
		{5DD9A7BF-20CA-45B4-BB51-C44A6CF9AB36}.Release|ARM.Build.0 = Release|Any CPU
		{5DD9A7BF-20CA-45B4-BB51-C44A6CF9AB36}.Release|ARM.Deploy.0 = Release|Any CPU
		{5DD9A7BF-20CA-45B4-BB51-C44A6CF9AB36}.Release|iPhone.ActiveCfg = Release|Any CPU
		{5DD9A7BF-20CA-45B4-BB51-C44A6CF9AB36}.Release|iPhone.Build.0 = Release|Any CPU
		{5DD9A7BF-20CA-45B4-BB51-C44A6CF9AB36}.Release|iPhone.Deploy.0 = Release|Any CPU
		{5DD9A7BF-20CA-45B4-BB51-C44A6CF9AB36}.Release|iPhoneSimulator.ActiveCfg = Release|Any CPU
		{5DD9A7BF-20CA-45B4-BB51-C44A6CF9AB36}.Release|iPhoneSimulator.Build.0 = Release|Any CPU
		{5DD9A7BF-20CA-45B4-BB51-C44A6CF9AB36}.Release|iPhoneSimulator.Deploy.0 = Release|Any CPU
		{5DD9A7BF-20CA-45B4-BB51-C44A6CF9AB36}.Release|x64.ActiveCfg = Release|Any CPU
		{5DD9A7BF-20CA-45B4-BB51-C44A6CF9AB36}.Release|x64.Build.0 = Release|Any CPU
		{5DD9A7BF-20CA-45B4-BB51-C44A6CF9AB36}.Release|x64.Deploy.0 = Release|Any CPU
		{5DD9A7BF-20CA-45B4-BB51-C44A6CF9AB36}.Release|x86.ActiveCfg = Release|Any CPU
		{5DD9A7BF-20CA-45B4-BB51-C44A6CF9AB36}.Release|x86.Build.0 = Release|Any CPU
		{5DD9A7BF-20CA-45B4-BB51-C44A6CF9AB36}.Release|x86.Deploy.0 = Release|Any CPU
		{13DBE5B9-2714-459E-9F14-5BCB1181F705}.Debug|Any CPU.ActiveCfg = Debug|Any CPU
		{13DBE5B9-2714-459E-9F14-5BCB1181F705}.Debug|Any CPU.Build.0 = Debug|Any CPU
		{13DBE5B9-2714-459E-9F14-5BCB1181F705}.Debug|ARM.ActiveCfg = Debug|Any CPU
		{13DBE5B9-2714-459E-9F14-5BCB1181F705}.Debug|ARM.Build.0 = Debug|Any CPU
		{13DBE5B9-2714-459E-9F14-5BCB1181F705}.Debug|iPhone.ActiveCfg = Debug|Any CPU
		{13DBE5B9-2714-459E-9F14-5BCB1181F705}.Debug|iPhone.Build.0 = Debug|Any CPU
		{13DBE5B9-2714-459E-9F14-5BCB1181F705}.Debug|iPhoneSimulator.ActiveCfg = Debug|Any CPU
		{13DBE5B9-2714-459E-9F14-5BCB1181F705}.Debug|iPhoneSimulator.Build.0 = Debug|Any CPU
		{13DBE5B9-2714-459E-9F14-5BCB1181F705}.Debug|x64.ActiveCfg = Debug|Any CPU
		{13DBE5B9-2714-459E-9F14-5BCB1181F705}.Debug|x64.Build.0 = Debug|Any CPU
		{13DBE5B9-2714-459E-9F14-5BCB1181F705}.Debug|x86.ActiveCfg = Debug|Any CPU
		{13DBE5B9-2714-459E-9F14-5BCB1181F705}.Debug|x86.Build.0 = Debug|Any CPU
		{13DBE5B9-2714-459E-9F14-5BCB1181F705}.Release|Any CPU.ActiveCfg = Release|Any CPU
		{13DBE5B9-2714-459E-9F14-5BCB1181F705}.Release|Any CPU.Build.0 = Release|Any CPU
		{13DBE5B9-2714-459E-9F14-5BCB1181F705}.Release|ARM.ActiveCfg = Release|Any CPU
		{13DBE5B9-2714-459E-9F14-5BCB1181F705}.Release|ARM.Build.0 = Release|Any CPU
		{13DBE5B9-2714-459E-9F14-5BCB1181F705}.Release|iPhone.ActiveCfg = Release|Any CPU
		{13DBE5B9-2714-459E-9F14-5BCB1181F705}.Release|iPhone.Build.0 = Release|Any CPU
		{13DBE5B9-2714-459E-9F14-5BCB1181F705}.Release|iPhoneSimulator.ActiveCfg = Release|Any CPU
		{13DBE5B9-2714-459E-9F14-5BCB1181F705}.Release|iPhoneSimulator.Build.0 = Release|Any CPU
		{13DBE5B9-2714-459E-9F14-5BCB1181F705}.Release|x64.ActiveCfg = Release|Any CPU
		{13DBE5B9-2714-459E-9F14-5BCB1181F705}.Release|x64.Build.0 = Release|Any CPU
		{13DBE5B9-2714-459E-9F14-5BCB1181F705}.Release|x86.ActiveCfg = Release|Any CPU
		{13DBE5B9-2714-459E-9F14-5BCB1181F705}.Release|x86.Build.0 = Release|Any CPU
	EndGlobalSection
	GlobalSection(SolutionProperties) = preSolution
		HideSolutionNode = FALSE
	EndGlobalSection
	GlobalSection(ExtensibilityGlobals) = postSolution
		SolutionGuid = {D023EF80-8A5D-4C79-9D65-88FD05B13E14}
	EndGlobalSection
EndGlobal
